
Microsoft Visual Studio Solution File, Format Version 12.00
# Visual Studio Version 17
VisualStudioVersion = 17.10.35013.160
MinimumVisualStudioVersion = 10.0.40219.1
Project("{FAE04EC0-301F-11D3-BF4B-00C04F79EFBC}") = "Store.API", "Store.API\Store.API.csproj", "{887E0ECB-85E8-4524-B3B9-D976F41534FD}"
EndProject
Project("{FAE04EC0-301F-11D3-BF4B-00C04F79EFBC}") = "Store.Application", "Store.Application\Store.Application.csproj", "{0140234C-AF2F-4152-9959-8FC7433C5960}"
EndProject
Project("{FAE04EC0-301F-11D3-BF4B-00C04F79EFBC}") = "Store.Domain", "Store.Domain\Store.Domain.csproj", "{175B6189-434C-469C-B053-A5762347B9C0}"
EndProject
Project("{FAE04EC0-301F-11D3-BF4B-00C04F79EFBC}") = "Store.Infrastructure", "Store.Infrastructure\Store.Infrastructure.csproj", "{1E151B85-3E28-487E-8A43-DE2D4ED6C161}"
EndProject
Global
	GlobalSection(SolutionConfigurationPlatforms) = preSolution
		Debug|Any CPU = Debug|Any CPU
		Release|Any CPU = Release|Any CPU
	EndGlobalSection
	GlobalSection(ProjectConfigurationPlatforms) = postSolution
		{887E0ECB-85E8-4524-B3B9-D976F41534FD}.Debug|Any CPU.ActiveCfg = Debug|Any CPU
		{887E0ECB-85E8-4524-B3B9-D976F41534FD}.Debug|Any CPU.Build.0 = Debug|Any CPU
		{887E0ECB-85E8-4524-B3B9-D976F41534FD}.Release|Any CPU.ActiveCfg = Release|Any CPU
		{887E0ECB-85E8-4524-B3B9-D976F41534FD}.Release|Any CPU.Build.0 = Release|Any CPU
		{0140234C-AF2F-4152-9959-8FC7433C5960}.Debug|Any CPU.ActiveCfg = Debug|Any CPU
		{0140234C-AF2F-4152-9959-8FC7433C5960}.Debug|Any CPU.Build.0 = Debug|Any CPU
		{0140234C-AF2F-4152-9959-8FC7433C5960}.Release|Any CPU.ActiveCfg = Release|Any CPU
		{0140234C-AF2F-4152-9959-8FC7433C5960}.Release|Any CPU.Build.0 = Release|Any CPU
		{175B6189-434C-469C-B053-A5762347B9C0}.Debug|Any CPU.ActiveCfg = Debug|Any CPU
		{175B6189-434C-469C-B053-A5762347B9C0}.Debug|Any CPU.Build.0 = Debug|Any CPU
		{175B6189-434C-469C-B053-A5762347B9C0}.Release|Any CPU.ActiveCfg = Release|Any CPU
		{175B6189-434C-469C-B053-A5762347B9C0}.Release|Any CPU.Build.0 = Release|Any CPU
		{1E151B85-3E28-487E-8A43-DE2D4ED6C161}.Debug|Any CPU.ActiveCfg = Debug|Any CPU
		{1E151B85-3E28-487E-8A43-DE2D4ED6C161}.Debug|Any CPU.Build.0 = Debug|Any CPU
		{1E151B85-3E28-487E-8A43-DE2D4ED6C161}.Release|Any CPU.ActiveCfg = Release|Any CPU
		{1E151B85-3E28-487E-8A43-DE2D4ED6C161}.Release|Any CPU.Build.0 = Release|Any CPU
	EndGlobalSection
	GlobalSection(SolutionProperties) = preSolution
		HideSolutionNode = FALSE
	EndGlobalSection
	GlobalSection(ExtensibilityGlobals) = postSolution
		SolutionGuid = {CC1DD0DF-34F5-4C30-9D81-145E274722D1}
	EndGlobalSection
EndGlobal
